
Microsoft Visual Studio Solution File, Format Version 12.00
# Visual Studio Version 17
VisualStudioVersion = 17.5.002.0
MinimumVisualStudioVersion = 10.0.40219.1
Project("{9A19103F-16F7-4668-BE54-9A1E7A4F7556}") = "Api", "Api\Api.csproj", "{0FB8E7FB-C18E-404D-A423-8A4E87C6319B}"
EndProject
Global
	GlobalSection(SolutionConfigurationPlatforms) = preSolution
		Debug|Any CPU = Debug|Any CPU
		Release|Any CPU = Release|Any CPU
	EndGlobalSection
	GlobalSection(ProjectConfigurationPlatforms) = postSolution
		{0FB8E7FB-C18E-404D-A423-8A4E87C6319B}.Debug|Any CPU.ActiveCfg = Debug|Any CPU
		{0FB8E7FB-C18E-404D-A423-8A4E87C6319B}.Debug|Any CPU.Build.0 = Debug|Any CPU
		{0FB8E7FB-C18E-404D-A423-8A4E87C6319B}.Release|Any CPU.ActiveCfg = Release|Any CPU
		{0FB8E7FB-C18E-404D-A423-8A4E87C6319B}.Release|Any CPU.Build.0 = Release|Any CPU
	EndGlobalSection
	GlobalSection(SolutionProperties) = preSolution
		HideSolutionNode = FALSE
	EndGlobalSection
	GlobalSection(ExtensibilityGlobals) = postSolution
		SolutionGuid = {EAF3557B-2BB7-486A-91F3-50D31300294E}
	EndGlobalSection
EndGlobal
